{
  "name": "@openclaw/pixverse-provider",
  "version": "2026.6.11-boon.43",
  "lockfileVersion": 3,
  "requires": true,
  "packages": {
    "": {
      "name": "@openclaw/pixverse-provider",
      "version": "2026.6.11-boon.43",
      "peerDependencies": {
        "openclaw": ">=2026.6.11-boon.43"
      },
      "peerDependenciesMeta": {
        "openclaw": {
          "optional": true
        }
      }
    }
  }
}
